
Microsoft Visual Studio Solution File, Format Version 12.00
# Visual Studio Version 17
VisualStudioVersion = 17.12.35707.178 d17.12
MinimumVisualStudioVersion = 10.0.40219.1
Project("{FAE04EC0-301F-11D3-BF4B-00C04F79EFBC}") = "Caso1SPrograAvWeb", "Caso1SPrograAvWeb\Caso1SPrograAvWeb.csproj", "{9CD18F14-512E-4317-A089-C60BF3BB5BD8}"
EndProject
Global
	GlobalSection(SolutionConfigurationPlatforms) = preSolution
		Debug|Any CPU = Debug|Any CPU
		Release|Any CPU = Release|Any CPU
	EndGlobalSection
	GlobalSection(ProjectConfigurationPlatforms) = postSolution
		{9CD18F14-512E-4317-A089-C60BF3BB5BD8}.Debug|Any CPU.ActiveCfg = Debug|Any CPU
		{9CD18F14-512E-4317-A089-C60BF3BB5BD8}.Debug|Any CPU.Build.0 = Debug|Any CPU
		{9CD18F14-512E-4317-A089-C60BF3BB5BD8}.Release|Any CPU.ActiveCfg = Release|Any CPU
		{9CD18F14-512E-4317-A089-C60BF3BB5BD8}.Release|Any CPU.Build.0 = Release|Any CPU
	EndGlobalSection
	GlobalSection(SolutionProperties) = preSolution
		HideSolutionNode = FALSE
	EndGlobalSection
EndGlobal
